
Microsoft Visual Studio Solution File, Format Version 12.00
# Visual Studio 14
VisualStudioVersion = 14.0.25420.1
MinimumVisualStudioVersion = 10.0.40219.1
Project("{FAE04EC0-301F-11D3-BF4B-00C04F79EFBC}") = "date_icon_windows10", "date_icon_windows10\date_icon_windows10.csproj", "{12D932B5-95FA-4518-A7CA-89A46F2FC313}"
EndProject
Global
	GlobalSection(SolutionConfigurationPlatforms) = preSolution
		Debug|Any CPU = Debug|Any CPU
		Release|Any CPU = Release|Any CPU
	EndGlobalSection
	GlobalSection(ProjectConfigurationPlatforms) = postSolution
		{12D932B5-95FA-4518-A7CA-89A46F2FC313}.Debug|Any CPU.ActiveCfg = Debug|Any CPU
		{12D932B5-95FA-4518-A7CA-89A46F2FC313}.Debug|Any CPU.Build.0 = Debug|Any CPU
		{12D932B5-95FA-4518-A7CA-89A46F2FC313}.Release|Any CPU.ActiveCfg = Release|Any CPU
		{12D932B5-95FA-4518-A7CA-89A46F2FC313}.Release|Any CPU.Build.0 = Release|Any CPU
	EndGlobalSection
	GlobalSection(SolutionProperties) = preSolution
		HideSolutionNode = FALSE
	EndGlobalSection
EndGlobal
